
Microsoft Visual Studio Solution File, Format Version 12.00
# Visual Studio Version 17
VisualStudioVersion = 17.5.33516.290
MinimumVisualStudioVersion = 10.0.40219.1
Project("{FAE04EC0-301F-11D3-BF4B-00C04F79EFBC}") = "jguandinangoS3.Android", "jguandinangoS3.Android\jguandinangoS3.Android.csproj", "{B5AD6C39-A831-40BD-83AE-3F4E5E3BF298}"
EndProject
Project("{FAE04EC0-301F-11D3-BF4B-00C04F79EFBC}") = "jguandinangoS3.iOS", "jguandinangoS3.iOS\jguandinangoS3.iOS.csproj", "{37E3D3BF-AD72-4216-92B4-7C5872437D56}"
EndProject
Project("{FAE04EC0-301F-11D3-BF4B-00C04F79EFBC}") = "jguandinangoS3", "jguandinangoS3\jguandinangoS3.csproj", "{2EF59DBE-E473-4090-9AA2-8D013137F55C}"
EndProject
Global
	GlobalSection(SolutionConfigurationPlatforms) = preSolution
		Debug|Any CPU = Debug|Any CPU
		Debug|iPhone = Debug|iPhone
		Debug|iPhoneSimulator = Debug|iPhoneSimulator
		Release|Any CPU = Release|Any CPU
		Release|iPhone = Release|iPhone
		Release|iPhoneSimulator = Release|iPhoneSimulator
	EndGlobalSection
	GlobalSection(ProjectConfigurationPlatforms) = postSolution
		{B5AD6C39-A831-40BD-83AE-3F4E5E3BF298}.Debug|Any CPU.ActiveCfg = Debug|Any CPU
		{B5AD6C39-A831-40BD-83AE-3F4E5E3BF298}.Debug|Any CPU.Build.0 = Debug|Any CPU
		{B5AD6C39-A831-40BD-83AE-3F4E5E3BF298}.Debug|Any CPU.Deploy.0 = Debug|Any CPU
		{B5AD6C39-A831-40BD-83AE-3F4E5E3BF298}.Debug|iPhone.ActiveCfg = Debug|Any CPU
		{B5AD6C39-A831-40BD-83AE-3F4E5E3BF298}.Debug|iPhone.Build.0 = Debug|Any CPU
		{B5AD6C39-A831-40BD-83AE-3F4E5E3BF298}.Debug|iPhone.Deploy.0 = Debug|Any CPU
		{B5AD6C39-A831-40BD-83AE-3F4E5E3BF298}.Debug|iPhoneSimulator.ActiveCfg = Debug|Any CPU
		{B5AD6C39-A831-40BD-83AE-3F4E5E3BF298}.Debug|iPhoneSimulator.Build.0 = Debug|Any CPU
		{B5AD6C39-A831-40BD-83AE-3F4E5E3BF298}.Debug|iPhoneSimulator.Deploy.0 = Debug|Any CPU
		{B5AD6C39-A831-40BD-83AE-3F4E5E3BF298}.Release|Any CPU.ActiveCfg = Release|Any CPU
		{B5AD6C39-A831-40BD-83AE-3F4E5E3BF298}.Release|Any CPU.Build.0 = Release|Any CPU
		{B5AD6C39-A831-40BD-83AE-3F4E5E3BF298}.Release|Any CPU.Deploy.0 = Release|Any CPU
		{B5AD6C39-A831-40BD-83AE-3F4E5E3BF298}.Release|iPhone.ActiveCfg = Release|Any CPU
		{B5AD6C39-A831-40BD-83AE-3F4E5E3BF298}.Release|iPhone.Build.0 = Release|Any CPU
		{B5AD6C39-A831-40BD-83AE-3F4E5E3BF298}.Release|iPhone.Deploy.0 = Release|Any CPU
		{B5AD6C39-A831-40BD-83AE-3F4E5E3BF298}.Release|iPhoneSimulator.ActiveCfg = Release|Any CPU
		{B5AD6C39-A831-40BD-83AE-3F4E5E3BF298}.Release|iPhoneSimulator.Build.0 = Release|Any CPU
		{B5AD6C39-A831-40BD-83AE-3F4E5E3BF298}.Release|iPhoneSimulator.Deploy.0 = Release|Any CPU
		{37E3D3BF-AD72-4216-92B4-7C5872437D56}.Debug|Any CPU.ActiveCfg = Debug|iPhone
		{37E3D3BF-AD72-4216-92B4-7C5872437D56}.Debug|Any CPU.Build.0 = Debug|iPhone
		{37E3D3BF-AD72-4216-92B4-7C5872437D56}.Debug|Any CPU.Deploy.0 = Debug|iPhone
		{37E3D3BF-AD72-4216-92B4-7C5872437D56}.Debug|iPhone.ActiveCfg = Debug|iPhone
		{37E3D3BF-AD72-4216-92B4-7C5872437D56}.Debug|iPhone.Build.0 = Debug|iPhone
		{37E3D3BF-AD72-4216-92B4-7C5872437D56}.Debug|iPhone.Deploy.0 = Debug|iPhone
		{37E3D3BF-AD72-4216-92B4-7C5872437D56}.Debug|iPhoneSimulator.ActiveCfg = Debug|iPhoneSimulator
		{37E3D3BF-AD72-4216-92B4-7C5872437D56}.Debug|iPhoneSimulator.Build.0 = Debug|iPhoneSimulator
		{37E3D3BF-AD72-4216-92B4-7C5872437D56}.Debug|iPhoneSimulator.Deploy.0 = Debug|iPhoneSimulator
		{37E3D3BF-AD72-4216-92B4-7C5872437D56}.Release|Any CPU.ActiveCfg = Release|iPhoneSimulator
		{37E3D3BF-AD72-4216-92B4-7C5872437D56}.Release|Any CPU.Build.0 = Release|iPhoneSimulator
		{37E3D3BF-AD72-4216-92B4-7C5872437D56}.Release|Any CPU.Deploy.0 = Release|iPhoneSimulator
		{37E3D3BF-AD72-4216-92B4-7C5872437D56}.Release|iPhone.ActiveCfg = Release|iPhone
		{37E3D3BF-AD72-4216-92B4-7C5872437D56}.Release|iPhone.Build.0 = Release|iPhone
		{37E3D3BF-AD72-4216-92B4-7C5872437D56}.Release|iPhone.Deploy.0 = Release|iPhone
		{37E3D3BF-AD72-4216-92B4-7C5872437D56}.Release|iPhoneSimulator.ActiveCfg = Release|iPhoneSimulator
		{37E3D3BF-AD72-4216-92B4-7C5872437D56}.Release|iPhoneSimulator.Build.0 = Release|iPhoneSimulator
		{37E3D3BF-AD72-4216-92B4-7C5872437D56}.Release|iPhoneSimulator.Deploy.0 = Release|iPhoneSimulator
		{2EF59DBE-E473-4090-9AA2-8D013137F55C}.Debug|Any CPU.ActiveCfg = Debug|Any CPU
		{2EF59DBE-E473-4090-9AA2-8D013137F55C}.Debug|Any CPU.Build.0 = Debug|Any CPU
		{2EF59DBE-E473-4090-9AA2-8D013137F55C}.Debug|Any CPU.Deploy.0 = Debug|Any CPU
		{2EF59DBE-E473-4090-9AA2-8D013137F55C}.Debug|iPhone.ActiveCfg = Debug|Any CPU
		{2EF59DBE-E473-4090-9AA2-8D013137F55C}.Debug|iPhone.Build.0 = Debug|Any CPU
		{2EF59DBE-E473-4090-9AA2-8D013137F55C}.Debug|iPhone.Deploy.0 = Debug|Any CPU
		{2EF59DBE-E473-4090-9AA2-8D013137F55C}.Debug|iPhoneSimulator.ActiveCfg = Debug|Any CPU
		{2EF59DBE-E473-4090-9AA2-8D013137F55C}.Debug|iPhoneSimulator.Build.0 = Debug|Any CPU
		{2EF59DBE-E473-4090-9AA2-8D013137F55C}.Debug|iPhoneSimulator.Deploy.0 = Debug|Any CPU
		{2EF59DBE-E473-4090-9AA2-8D013137F55C}.Release|Any CPU.ActiveCfg = Release|Any CPU
		{2EF59DBE-E473-4090-9AA2-8D013137F55C}.Release|Any CPU.Build.0 = Release|Any CPU
		{2EF59DBE-E473-4090-9AA2-8D013137F55C}.Release|Any CPU.Deploy.0 = Release|Any CPU
		{2EF59DBE-E473-4090-9AA2-8D013137F55C}.Release|iPhone.ActiveCfg = Release|Any CPU
		{2EF59DBE-E473-4090-9AA2-8D013137F55C}.Release|iPhone.Build.0 = Release|Any CPU
		{2EF59DBE-E473-4090-9AA2-8D013137F55C}.Release|iPhone.Deploy.0 = Release|Any CPU
		{2EF59DBE-E473-4090-9AA2-8D013137F55C}.Release|iPhoneSimulator.ActiveCfg = Release|Any CPU
		{2EF59DBE-E473-4090-9AA2-8D013137F55C}.Release|iPhoneSimulator.Build.0 = Release|Any CPU
		{2EF59DBE-E473-4090-9AA2-8D013137F55C}.Release|iPhoneSimulator.Deploy.0 = Release|Any CPU
	EndGlobalSection
	GlobalSection(SolutionProperties) = preSolution
		HideSolutionNode = FALSE
	EndGlobalSection
	GlobalSection(ExtensibilityGlobals) = postSolution
		SolutionGuid = {724F1463-9EA3-4A14-AD3F-1CC08575384B}
	EndGlobalSection
EndGlobal
